
Microsoft Visual Studio Solution File, Format Version 12.00
# Visual Studio Version 16
VisualStudioVersion = 16.0.32802.440
MinimumVisualStudioVersion = 10.0.40219.1
Project("{FAE04EC0-301F-11D3-BF4B-00C04F79EFBC}") = "LocalStreamTools", "LocalStreamTools.csproj", "{09D341EC-2812-4BCC-8412-1E248A65A110}"
EndProject
Global
	GlobalSection(SolutionConfigurationPlatforms) = preSolution
		Debug|Any CPU = Debug|Any CPU
		Release|Any CPU = Release|Any CPU
	EndGlobalSection
	GlobalSection(ProjectConfigurationPlatforms) = postSolution
		{09D341EC-2812-4BCC-8412-1E248A65A110}.Debug|Any CPU.ActiveCfg = Debug|Any CPU
		{09D341EC-2812-4BCC-8412-1E248A65A110}.Debug|Any CPU.Build.0 = Debug|Any CPU
		{09D341EC-2812-4BCC-8412-1E248A65A110}.Release|Any CPU.ActiveCfg = Release|Any CPU
		{09D341EC-2812-4BCC-8412-1E248A65A110}.Release|Any CPU.Build.0 = Release|Any CPU
	EndGlobalSection
	GlobalSection(SolutionProperties) = preSolution
		HideSolutionNode = FALSE
	EndGlobalSection
	GlobalSection(ExtensibilityGlobals) = postSolution
		SolutionGuid = {726E15CC-CFEA-4D60-98E8-475ACD36D90C}
	EndGlobalSection
EndGlobal
